
Microsoft Visual Studio Solution File, Format Version 12.00
# Visual Studio 15
VisualStudioVersion = 15.0.27130.2027
MinimumVisualStudioVersion = 10.0.40219.1
Project("{FAE04EC0-301F-11D3-BF4B-00C04F79EFBC}") = "WpfApp1", "WpfApp1\WpfApp1.csproj", "{7BB55BE5-BE33-4E42-ABB0-0A6501918D63}"
EndProject
Global
	GlobalSection(SolutionConfigurationPlatforms) = preSolution
		Debug|Any CPU = Debug|Any CPU
		Release|Any CPU = Release|Any CPU
	EndGlobalSection
	GlobalSection(ProjectConfigurationPlatforms) = postSolution
		{7BB55BE5-BE33-4E42-ABB0-0A6501918D63}.Debug|Any CPU.ActiveCfg = Debug|Any CPU
		{7BB55BE5-BE33-4E42-ABB0-0A6501918D63}.Debug|Any CPU.Build.0 = Debug|Any CPU
		{7BB55BE5-BE33-4E42-ABB0-0A6501918D63}.Release|Any CPU.ActiveCfg = Release|Any CPU
		{7BB55BE5-BE33-4E42-ABB0-0A6501918D63}.Release|Any CPU.Build.0 = Release|Any CPU
	EndGlobalSection
	GlobalSection(SolutionProperties) = preSolution
		HideSolutionNode = FALSE
	EndGlobalSection
	GlobalSection(ExtensibilityGlobals) = postSolution
		SolutionGuid = {0290C449-B79B-46E0-8591-94EBCB94FF25}
	EndGlobalSection
EndGlobal
